// !$*UTF8*$!
{
	archiveVersion = 1;
	classes = {
	};
	objectVersion = 50;
	objects = {

/* Begin PBXBuildFile section */
		7599078F23F4F8F8004408A5 /* AppDelegate.swift in Sources */ = {isa = PBXBuildFile; fileRef = 7599078E23F4F8F8004408A5 /* AppDelegate.swift */; };
		7599079123F4F8F8004408A5 /* SceneDelegate.swift in Sources */ = {isa = PBXBuildFile; fileRef = 7599079023F4F8F8004408A5 /* SceneDelegate.swift */; };
		7599079323F4F8F8004408A5 /* ViewController.swift in Sources */ = {isa = PBXBuildFile; fileRef = 7599079223F4F8F8004408A5 /* ViewController.swift */; };
		7599079623F4F8F8004408A5 /* Main.storyboard in Resources */ = {isa = PBXBuildFile; fileRef = 7599079423F4F8F8004408A5 /* Main.storyboard */; };
		7599079823F4F8FC004408A5 /* Assets.xcassets in Resources */ = {isa = PBXBuildFile; fileRef = 7599079723F4F8FC004408A5 /* Assets.xcassets */; };
		7599079B23F4F8FC004408A5 /* LaunchScreen.storyboard in Resources */ = {isa = PBXBuildFile; fileRef = 7599079923F4F8FC004408A5 /* LaunchScreen.storyboard */; };
		759907A623F4F8FC004408A5 /* Simple_1_TimerTests.swift in Sources */ = {isa = PBXBuildFile; fileRef = 759907A523F4F8FC004408A5 /* Simple_1_TimerTests.swift */; };
		759907B123F4F8FC004408A5 /* Simple_1_TimerUITests.swift in Sources */ = {isa = PBXBuildFile; fileRef = 759907B023F4F8FC004408A5 /* Simple_1_TimerUITests.swift */; };
/* End PBXBuildFile section */

/* Begin PBXContainerItemProxy section */
		759907A223F4F8FC004408A5 /* PBXContainerItemProxy */ = {
			isa = PBXContainerItemProxy;
			containerPortal = 7599078323F4F8F8004408A5 /* Project object */;
			proxyType = 1;
			remoteGlobalIDString = 7599078A23F4F8F8004408A5;
			remoteInfo = Simple_1_Timer;
		};
		759907AD23F4F8FC004408A5 /* PBXContainerItemProxy */ = {
			isa = PBXContainerItemProxy;
			containerPortal = 7599078323F4F8F8004408A5 /* Project object */;
			proxyType = 1;
			remoteGlobalIDString = 7599078A23F4F8F8004408A5;
			remoteInfo = Simple_1_Timer;
		};
/* End PBXContainerItemProxy section */

/* Begin PBXFileReference section */
		7599078B23F4F8F8004408A5 /* Simple_1_Timer.app */ = {isa = PBXFileReference; explicitFileType = wrapper.application; includeInIndex = 0; path = Simple_1_Timer.app; sourceTree = BUILT_PRODUCTS_DIR; };
		7599078E23F4F8F8004408A5 /* AppDelegate.swift */ = {isa = PBXFileReference; lastKnownFileType = sourcecode.swift; path = AppDelegate.swift; sourceTree = "<group>"; };
		7599079023F4F8F8004408A5 /* SceneDelegate.swift */ = {isa = PBXFileReference; lastKnownFileType = sourcecode.swift; path = SceneDelegate.swift; sourceTree = "<group>"; };
		7599079223F4F8F8004408A5 /* ViewController.swift */ = {isa = PBXFileReference; lastKnownFileType = sourcecode.swift; path = ViewController.swift; sourceTree = "<group>"; };
		7599079523F4F8F8004408A5 /* Base */ = {isa = PBXFileReference; lastKnownFileType = file.storyboard; name = Base; path = Base.lproj/Main.storyboard; sourceTree = "<group>"; };
		7599079723F4F8FC004408A5 /* Assets.xcassets */ = {isa = PBXFileReference; lastKnownFileType = folder.assetcatalog; path = Assets.xcassets; sourceTree = "<group>"; };
		7599079A23F4F8FC004408A5 /* Base */ = {isa = PBXFileReference; lastKnownFileType = file.storyboard; name = Base; path = Base.lproj/LaunchScreen.storyboard; sourceTree = "<group>"; };
		7599079C23F4F8FC004408A5 /* Info.plist */ = {isa = PBXFileReference; lastKnownFileType = text.plist.xml; path = Info.plist; sourceTree = "<group>"; };
		759907A123F4F8FC004408A5 /* Simple_1_TimerTests.xctest */ = {isa = PBXFileReference; explicitFileType = wrapper.cfbundle; includeInIndex = 0; path = Simple_1_TimerTests.xctest; sourceTree = BUILT_PRODUCTS_DIR; };
		759907A523F4F8FC004408A5 /* Simple_1_TimerTests.swift */ = {isa = PBXFileReference; lastKnownFileType = sourcecode.swift; path = Simple_1_TimerTests.swift; sourceTree = "<group>"; };
		759907A723F4F8FC004408A5 /* Info.plist */ = {isa = PBXFileReference; lastKnownFileType = text.plist.xml; path = Info.plist; sourceTree = "<group>"; };
		759907AC23F4F8FC004408A5 /* Simple_1_TimerUITests.xctest */ = {isa = PBXFileReference; explicitFileType = wrapper.cfbundle; includeInIndex = 0; path = Simple_1_TimerUITests.xctest; sourceTree = BUILT_PRODUCTS_DIR; };
		759907B023F4F8FC004408A5 /* Simple_1_TimerUITests.swift */ = {isa = PBXFileReference; lastKnownFileType = sourcecode.swift; path = Simple_1_TimerUITests.swift; sourceTree = "<group>"; };
		759907B223F4F8FC004408A5 /* Info.plist */ = {isa = PBXFileReference; lastKnownFileType = text.plist.xml; path = Info.plist; sourceTree = "<group>"; };
/* End PBXFileReference section */

/* Begin PBXFrameworksBuildPhase section */
		7599078823F4F8F8004408A5 /* Frameworks */ = {
			isa = PBXFrameworksBuildPhase;
			buildActionMask = 2147483647;
			files = (
			);
			runOnlyForDeploymentPostprocessing = 0;
		};
		7599079E23F4F8FC004408A5 /* Frameworks */ = {
			isa = PBXFrameworksBuildPhase;
			buildActionMask = 2147483647;
			files = (
			);
			runOnlyForDeploymentPostprocessing = 0;
		};
		759907A923F4F8FC004408A5 /* Frameworks */ = {
			isa = PBXFrameworksBuildPhase;
			buildActionMask = 2147483647;
			files = (
			);
			runOnlyForDeploymentPostprocessing = 0;
		};
/* End PBXFrameworksBuildPhase section */

/* Begin PBXGroup section */
		7599078223F4F8F8004408A5 = {
			isa = PBXGroup;
			children = (
				7599078D23F4F8F8004408A5 /* Simple_1_Timer */,
				759907A423F4F8FC004408A5 /* Simple_1_TimerTests */,
				759907AF23F4F8FC004408A5 /* Simple_1_TimerUITests */,
				7599078C23F4F8F8004408A5 /* Products */,
			);
			sourceTree = "<group>";
		};
		7599078C23F4F8F8004408A5 /* Products */ = {
			isa = PBXGroup;
			children = (
				7599078B23F4F8F8004408A5 /* Simple_1_Timer.app */,
				759907A123F4F8FC004408A5 /* Simple_1_TimerTests.xctest */,
				759907AC23F4F8FC004408A5 /* Simple_1_TimerUITests.xctest */,
			);
			name = Products;
			sourceTree = "<group>";
		};
		7599078D23F4F8F8004408A5 /* Simple_1_Timer */ = {
			isa = PBXGroup;
			children = (
				7599078E23F4F8F8004408A5 /* AppDelegate.swift */,
				7599079023F4F8F8004408A5 /* SceneDelegate.swift */,
				7599079223F4F8F8004408A5 /* ViewController.swift */,
				7599079423F4F8F8004408A5 /* Main.storyboard */,
				7599079723F4F8FC004408A5 /* Assets.xcassets */,
				7599079923F4F8FC004408A5 /* LaunchScreen.storyboard */,
				7599079C23F4F8FC004408A5 /* Info.plist */,
			);
			path = Simple_1_Timer;
			sourceTree = "<group>";
		};
		759907A423F4F8FC004408A5 /* Simple_1_TimerTests */ = {
			isa = PBXGroup;
			children = (
				759907A523F4F8FC004408A5 /* Simple_1_TimerTests.swift */,
				759907A723F4F8FC004408A5 /* Info.plist */,
			);
			path = Simple_1_TimerTests;
			sourceTree = "<group>";
		};
		759907AF23F4F8FC004408A5 /* Simple_1_TimerUITests */ = {
			isa = PBXGroup;
			children = (
				759907B023F4F8FC004408A5 /* Simple_1_TimerUITests.swift */,
				759907B223F4F8FC004408A5 /* Info.plist */,
			);
			path = Simple_1_TimerUITests;
			sourceTree = "<group>";
		};
/* End PBXGroup section */

/* Begin PBXNativeTarget section */
		7599078A23F4F8F8004408A5 /* Simple_1_Timer */ = {
			isa = PBXNativeTarget;
			buildConfigurationList = 759907B523F4F8FC004408A5 /* Build configuration list for PBXNativeTarget "Simple_1_Timer" */;
			buildPhases = (
				7599078723F4F8F8004408A5 /* Sources */,
				7599078823F4F8F8004408A5 /* Frameworks */,
				7599078923F4F8F8004408A5 /* Resources */,
			);
			buildRules = (
			);
			dependencies = (
			);
			name = Simple_1_Timer;
			productName = Simple_1_Timer;
			productReference = 7599078B23F4F8F8004408A5 /* Simple_1_Timer.app */;
			productType = "com.apple.product-type.application";
		};
		759907A023F4F8FC004408A5 /* Simple_1_TimerTests */ = {
			isa = PBXNativeTarget;
			buildConfigurationList = 759907B823F4F8FC004408A5 /* Build configuration list for PBXNativeTarget "Simple_1_TimerTests" */;
			buildPhases = (
				7599079D23F4F8FC004408A5 /* Sources */,
				7599079E23F4F8FC004408A5 /* Frameworks */,
				7599079F23F4F8FC004408A5 /* Resources */,
			);
			buildRules = (
			);
			dependencies = (
				759907A323F4F8FC004408A5 /* PBXTargetDependency */,
			);
			name = Simple_1_TimerTests;
			productName = Simple_1_TimerTests;
			productReference = 759907A123F4F8FC004408A5 /* Simple_1_TimerTests.xctest */;
			productType = "com.apple.product-type.bundle.unit-test";
		};
		759907AB23F4F8FC004408A5 /* Simple_1_TimerUITests */ = {
			isa = PBXNativeTarget;
			buildConfigurationList = 759907BB23F4F8FC004408A5 /* Build configuration list for PBXNativeTarget "Simple_1_TimerUITests" */;
			buildPhases = (
				759907A823F4F8FC004408A5 /* Sources */,
				759907A923F4F8FC004408A5 /* Frameworks */,
				759907AA23F4F8FC004408A5 /* Resources */,
			);
			buildRules = (
			);
			dependencies = (
				759907AE23F4F8FC004408A5 /* PBXTargetDependency */,
			);
			name = Simple_1_TimerUITests;
			productName = Simple_1_TimerUITests;
			productReference = 759907AC23F4F8FC004408A5 /* Simple_1_TimerUITests.xctest */;
			productType = "com.apple.product-type.bundle.ui-testing";
		};
/* End PBXNativeTarget section */

/* Begin PBXProject section */
		7599078323F4F8F8004408A5 /* Project object */ = {
			isa = PBXProject;
			attributes = {
				LastSwiftUpdateCheck = 1130;
				LastUpgradeCheck = 1130;
				ORGANIZATIONNAME = "Daiki Iijima";
				TargetAttributes = {
					7599078A23F4F8F8004408A5 = {
						CreatedOnToolsVersion = 11.3.1;
					};
					759907A023F4F8FC004408A5 = {
						CreatedOnToolsVersion = 11.3.1;
						TestTargetID = 7599078A23F4F8F8004408A5;
					};
					759907AB23F4F8FC004408A5 = {
						CreatedOnToolsVersion = 11.3.1;
						TestTargetID = 7599078A23F4F8F8004408A5;
					};
				};
			};
			buildConfigurationList = 7599078623F4F8F8004408A5 /* Build configuration list for PBXProject "Simple_1_Timer" */;
			compatibilityVersion = "Xcode 9.3";
			developmentRegion = en;
			hasScannedForEncodings = 0;
			knownRegions = (
				en,
				Base,
			);
			mainGroup = 7599078223F4F8F8004408A5;
			productRefGroup = 7599078C23F4F8F8004408A5 /* Products */;
			projectDirPath = "";
			projectRoot = "";
			targets = (
				7599078A23F4F8F8004408A5 /* Simple_1_Timer */,
				759907A023F4F8FC004408A5 /* Simple_1_TimerTests */,
				759907AB23F4F8FC004408A5 /* Simple_1_TimerUITests */,
			);
		};
/* End PBXProject section */

/* Begin PBXResourcesBuildPhase section */
		7599078923F4F8F8004408A5 /* Resources */ = {
			isa = PBXResourcesBuildPhase;
			buildActionMask = 2147483647;
			files = (
				7599079B23F4F8FC004408A5 /* LaunchScreen.storyboard in Resources */,
				7599079823F4F8FC004408A5 /* Assets.xcassets in Resources */,
				7599079623F4F8F8004408A5 /* Main.storyboard in Resources */,
			);
			runOnlyForDeploymentPostprocessing = 0;
		};
		7599079F23F4F8FC004408A5 /* Resources */ = {
			isa = PBXResourcesBuildPhase;
			buildActionMask = 2147483647;
			files = (
			);
			runOnlyForDeploymentPostprocessing = 0;
		};
		759907AA23F4F8FC004408A5 /* Resources */ = {
			isa = PBXResourcesBuildPhase;
			buildActionMask = 2147483647;
			files = (
			);
			runOnlyForDeploymentPostprocessing = 0;
		};
/* End PBXResourcesBuildPhase section */

/* Begin PBXSourcesBuildPhase section */
		7599078723F4F8F8004408A5 /* Sources */ = {
			isa = PBXSourcesBuildPhase;
			buildActionMask = 2147483647;
			files = (
				7599079323F4F8F8004408A5 /* ViewController.swift in Sources */,
				7599078F23F4F8F8004408A5 /* AppDelegate.swift in Sources */,
				7599079123F4F8F8004408A5 /* SceneDelegate.swift in Sources */,
			);
			runOnlyForDeploymentPostprocessing = 0;
		};
		7599079D23F4F8FC004408A5 /* Sources */ = {
			isa = PBXSourcesBuildPhase;
			buildActionMask = 2147483647;
			files = (
				759907A623F4F8FC004408A5 /* Simple_1_TimerTests.swift in Sources */,
			);
			runOnlyForDeploymentPostprocessing = 0;
		};
		759907A823F4F8FC004408A5 /* Sources */ = {
			isa = PBXSourcesBuildPhase;
			buildActionMask = 2147483647;
			files = (
				759907B123F4F8FC004408A5 /* Simple_1_TimerUITests.swift in Sources */,
			);
			runOnlyForDeploymentPostprocessing = 0;
		};
/* End PBXSourcesBuildPhase section */

/* Begin PBXTargetDependency section */
		759907A323F4F8FC004408A5 /* PBXTargetDependency */ = {
			isa = PBXTargetDependency;
			target = 7599078A23F4F8F8004408A5 /* Simple_1_Timer */;
			targetProxy = 759907A223F4F8FC004408A5 /* PBXContainerItemProxy */;
		};
		759907AE23F4F8FC004408A5 /* PBXTargetDependency */ = {
			isa = PBXTargetDependency;
			target = 7599078A23F4F8F8004408A5 /* Simple_1_Timer */;
			targetProxy = 759907AD23F4F8FC004408A5 /* PBXContainerItemProxy */;
		};
/* End PBXTargetDependency section */

/* Begin PBXVariantGroup section */
		7599079423F4F8F8004408A5 /* Main.storyboard */ = {
			isa = PBXVariantGroup;
			children = (
				7599079523F4F8F8004408A5 /* Base */,
			);
			name = Main.storyboard;
			sourceTree = "<group>";
		};
		7599079923F4F8FC004408A5 /* LaunchScreen.storyboard */ = {
			isa = PBXVariantGroup;
			children = (
				7599079A23F4F8FC004408A5 /* Base */,
			);
			name = LaunchScreen.storyboard;
			sourceTree = "<group>";
		};
/* End PBXVariantGroup section */

/* Begin XCBuildConfiguration section */
		759907B323F4F8FC004408A5 /* Debug */ = {
			isa = XCBuildConfiguration;
			buildSettings = {
				ALWAYS_SEARCH_USER_PATHS = NO;
				CLANG_ANALYZER_NONNULL = YES;
				CLANG_ANALYZER_NUMBER_OBJECT_CONVERSION = YES_AGGRESSIVE;
				CLANG_CXX_LANGUAGE_STANDARD = "gnu++14";
				CLANG_CXX_LIBRARY = "libc++";
				CLANG_ENABLE_MODULES = YES;
				CLANG_ENABLE_OBJC_ARC = YES;
				CLANG_ENABLE_OBJC_WEAK = YES;
				CLANG_WARN_BLOCK_CAPTURE_AUTORELEASING = YES;
				CLANG_WARN_BOOL_CONVERSION = YES;
				CLANG_WARN_COMMA = YES;
				CLANG_WARN_CONSTANT_CONVERSION = YES;
				CLANG_WARN_DEPRECATED_OBJC_IMPLEMENTATIONS = YES;
				CLANG_WARN_DIRECT_OBJC_ISA_USAGE = YES_ERROR;
				CLANG_WARN_DOCUMENTATION_COMMENTS = YES;
				CLANG_WARN_EMPTY_BODY = YES;
				CLANG_WARN_ENUM_CONVERSION = YES;
				CLANG_WARN_INFINITE_RECURSION = YES;
				CLANG_WARN_INT_CONVERSION = YES;
				CLANG_WARN_NON_LITERAL_NULL_CONVERSION = YES;
				CLANG_WARN_OBJC_IMPLICIT_RETAIN_SELF = YES;
				CLANG_WARN_OBJC_LITERAL_CONVERSION = YES;
				CLANG_WARN_OBJC_ROOT_CLASS = YES_ERROR;
				CLANG_WARN_RANGE_LOOP_ANALYSIS = YES;
				CLANG_WARN_STRICT_PROTOTYPES = YES;
				CLANG_WARN_SUSPICIOUS_MOVE = YES;
				CLANG_WARN_UNGUARDED_AVAILABILITY = YES_AGGRESSIVE;
				CLANG_WARN_UNREACHABLE_CODE = YES;
				CLANG_WARN__DUPLICATE_METHOD_MATCH = YES;
				COPY_PHASE_STRIP = NO;
				DEBUG_INFORMATION_FORMAT = dwarf;
				ENABLE_STRICT_OBJC_MSGSEND = YES;
				ENABLE_TESTABILITY = YES;
				GCC_C_LANGUAGE_STANDARD = gnu11;
				GCC_DYNAMIC_NO_PIC = NO;
				GCC_NO_COMMON_BLOCKS = YES;
				GCC_OPTIMIZATION_LEVEL = 0;
				GCC_PREPROCESSOR_DEFINITIONS = (
					"DEBUG=1",
					"$(inherited)",
				);
				GCC_WARN_64_TO_32_BIT_CONVERSION = YES;
				GCC_WARN_ABOUT_RETURN_TYPE = YES_ERROR;
				GCC_WARN_UNDECLARED_SELECTOR = YES;
				GCC_WARN_UNINITIALIZED_AUTOS = YES_AGGRESSIVE;
				GCC_WARN_UNUSED_FUNCTION = YES;
				GCC_WARN_UNUSED_VARIABLE = YES;
				IPHONEOS_DEPLOYMENT_TARGET = 13.2;
				MTL_ENABLE_DEBUG_INFO = INCLUDE_SOURCE;
				MTL_FAST_MATH = YES;
				ONLY_ACTIVE_ARCH = YES;
				SDKROOT = iphoneos;
				SWIFT_ACTIVE_COMPILATION_CONDITIONS = DEBUG;
				SWIFT_OPTIMIZATION_LEVEL = "-Onone";
			};
			name = Debug;
		};
		759907B423F4F8FC004408A5 /* Release */ = {
			isa = XCBuildConfiguration;
			buildSettings = {
				ALWAYS_SEARCH_USER_PATHS = NO;
				CLANG_ANALYZER_NONNULL = YES;
				CLANG_ANALYZER_NUMBER_OBJECT_CONVERSION = YES_AGGRESSIVE;
				CLANG_CXX_LANGUAGE_STANDARD = "gnu++14";
				CLANG_CXX_LIBRARY = "libc++";
				CLANG_ENABLE_MODULES = YES;
				CLANG_ENABLE_OBJC_ARC = YES;
				CLANG_ENABLE_OBJC_WEAK = YES;
				CLANG_WARN_BLOCK_CAPTURE_AUTORELEASING = YES;
				CLANG_WARN_BOOL_CONVERSION = YES;
				CLANG_WARN_COMMA = YES;
				CLANG_WARN_CONSTANT_CONVERSION = YES;
				CLANG_WARN_DEPRECATED_OBJC_IMPLEMENTATIONS = YES;
				CLANG_WARN_DIRECT_OBJC_ISA_USAGE = YES_ERROR;
				CLANG_WARN_DOCUMENTATION_COMMENTS = YES;
				CLANG_WARN_EMPTY_BODY = YES;
				CLANG_WARN_ENUM_CONVERSION = YES;
				CLANG_WARN_INFINITE_RECURSION = YES;
				CLANG_WARN_INT_CONVERSION = YES;
				CLANG_WARN_NON_LITERAL_NULL_CONVERSION = YES;
				CLANG_WARN_OBJC_IMPLICIT_RETAIN_SELF = YES;
				CLANG_WARN_OBJC_LITERAL_CONVERSION = YES;
				CLANG_WARN_OBJC_ROOT_CLASS = YES_ERROR;
				CLANG_WARN_RANGE_LOOP_ANALYSIS = YES;
				CLANG_WARN_STRICT_PROTOTYPES = YES;
				CLANG_WARN_SUSPICIOUS_MOVE = YES;
				CLANG_WARN_UNGUARDED_AVAILABILITY = YES_AGGRESSIVE;
				CLANG_WARN_UNREACHABLE_CODE = YES;
				CLANG_WARN__DUPLICATE_METHOD_MATCH = YES;
				COPY_PHASE_STRIP = NO;
				DEBUG_INFORMATION_FORMAT = "dwarf-with-dsym";
				ENABLE_NS_ASSERTIONS = NO;
				ENABLE_STRICT_OBJC_MSGSEND = YES;
				GCC_C_LANGUAGE_STANDARD = gnu11;
				GCC_NO_COMMON_BLOCKS = YES;
				GCC_WARN_64_TO_32_BIT_CONVERSION = YES;
				GCC_WARN_ABOUT_RETURN_TYPE = YES_ERROR;
				GCC_WARN_UNDECLARED_SELECTOR = YES;
				GCC_WARN_UNINITIALIZED_AUTOS = YES_AGGRESSIVE;
				GCC_WARN_UNUSED_FUNCTION = YES;
				GCC_WARN_UNUSED_VARIABLE = YES;
				IPHONEOS_DEPLOYMENT_TARGET = 13.2;
				MTL_ENABLE_DEBUG_INFO = NO;
				MTL_FAST_MATH = YES;
				SDKROOT = iphoneos;
				SWIFT_COMPILATION_MODE = wholemodule;
				SWIFT_OPTIMIZATION_LEVEL = "-O";
				VALIDATE_PRODUCT = YES;
			};
			name = Release;
		};
		759907B623F4F8FC004408A5 /* Debug */ = {
			isa = XCBuildConfiguration;
			buildSettings = {
				ASSETCATALOG_COMPILER_APPICON_NAME = AppIcon;
				CODE_SIGN_STYLE = Automatic;
				DEVELOPMENT_TEAM = YNYR2XQ8JN;
				INFOPLIST_FILE = Simple_1_Timer/Info.plist;
				LD_RUNPATH_SEARCH_PATHS = (
					"$(inherited)",
					"@executable_path/Frameworks",
				);
				PRODUCT_BUNDLE_IDENTIFIER = "com.DaikiIijima.Simple-1-Timer";
				PRODUCT_NAME = "$(TARGET_NAME)";
				SWIFT_VERSION = 5.0;
				TARGETED_DEVICE_FAMILY = "1,2";
			};
			name = Debug;
		};
		759907B723F4F8FC004408A5 /* Release */ = {
			isa = XCBuildConfiguration;
			buildSettings = {
				ASSETCATALOG_COMPILER_APPICON_NAME = AppIcon;
				CODE_SIGN_STYLE = Automatic;
				DEVELOPMENT_TEAM = YNYR2XQ8JN;
				INFOPLIST_FILE = Simple_1_Timer/Info.plist;
				LD_RUNPATH_SEARCH_PATHS = (
					"$(inherited)",
					"@executable_path/Frameworks",
				);
				PRODUCT_BUNDLE_IDENTIFIER = "com.DaikiIijima.Simple-1-Timer";
				PRODUCT_NAME = "$(TARGET_NAME)";
				SWIFT_VERSION = 5.0;
				TARGETED_DEVICE_FAMILY = "1,2";
			};
			name = Release;
		};
		759907B923F4F8FC004408A5 /* Debug */ = {
			isa = XCBuildConfiguration;
			buildSettings = {
				ALWAYS_EMBED_SWIFT_STANDARD_LIBRARIES = YES;
				BUNDLE_LOADER = "$(TEST_HOST)";
				CODE_SIGN_STYLE = Automatic;
				DEVELOPMENT_TEAM = YNYR2XQ8JN;
				INFOPLIST_FILE = Simple_1_TimerTests/Info.plist;
				IPHONEOS_DEPLOYMENT_TARGET = 13.2;
				LD_RUNPATH_SEARCH_PATHS = (
					"$(inherited)",
					"@executable_path/Frameworks",
					"@loader_path/Frameworks",
				);
				PRODUCT_BUNDLE_IDENTIFIER = "com.DaikiIijima.Simple-1-TimerTests";
				PRODUCT_NAME = "$(TARGET_NAME)";
				SWIFT_VERSION = 5.0;
				TARGETED_DEVICE_FAMILY = "1,2";
				TEST_HOST = "$(BUILT_PRODUCTS_DIR)/Simple_1_Timer.app/Simple_1_Timer";
			};
			name = Debug;
		};
		759907BA23F4F8FC004408A5 /* Release */ = {
			isa = XCBuildConfiguration;
			buildSettings = {
				ALWAYS_EMBED_SWIFT_STANDARD_LIBRARIES = YES;
				BUNDLE_LOADER = "$(TEST_HOST)";
				CODE_SIGN_STYLE = Automatic;
				DEVELOPMENT_TEAM = YNYR2XQ8JN;
				INFOPLIST_FILE = Simple_1_TimerTests/Info.plist;
				IPHONEOS_DEPLOYMENT_TARGET = 13.2;
				LD_RUNPATH_SEARCH_PATHS = (
					"$(inherited)",
					"@executable_path/Frameworks",
					"@loader_path/Frameworks",
				);
				PRODUCT_BUNDLE_IDENTIFIER = "com.DaikiIijima.Simple-1-TimerTests";
				PRODUCT_NAME = "$(TARGET_NAME)";
				SWIFT_VERSION = 5.0;
				TARGETED_DEVICE_FAMILY = "1,2";
				TEST_HOST = "$(BUILT_PRODUCTS_DIR)/Simple_1_Timer.app/Simple_1_Timer";
			};
			name = Release;
		};
		759907BC23F4F8FC004408A5 /* Debug */ = {
			isa = XCBuildConfiguration;
			buildSettings = {
				ALWAYS_EMBED_SWIFT_STANDARD_LIBRARIES = YES;
				CODE_SIGN_STYLE = Automatic;
				DEVELOPMENT_TEAM = YNYR2XQ8JN;
				INFOPLIST_FILE = Simple_1_TimerUITests/Info.plist;
				LD_RUNPATH_SEARCH_PATHS = (
					"$(inherited)",
					"@executable_path/Frameworks",
					"@loader_path/Frameworks",
				);
				PRODUCT_BUNDLE_IDENTIFIER = "com.DaikiIijima.Simple-1-TimerUITests";
				PRODUCT_NAME = "$(TARGET_NAME)";
				SWIFT_VERSION = 5.0;
				TARGETED_DEVICE_FAMILY = "1,2";
				TEST_TARGET_NAME = Simple_1_Timer;
			};
			name = Debug;
		};
		759907BD23F4F8FC004408A5 /* Release */ = {
			isa = XCBuildConfiguration;
			buildSettings = {
				ALWAYS_EMBED_SWIFT_STANDARD_LIBRARIES = YES;
				CODE_SIGN_STYLE = Automatic;
				DEVELOPMENT_TEAM = YNYR2XQ8JN;
				INFOPLIST_FILE = Simple_1_TimerUITests/Info.plist;
				LD_RUNPATH_SEARCH_PATHS = (
					"$(inherited)",
					"@executable_path/Frameworks",
					"@loader_path/Frameworks",
				);
				PRODUCT_BUNDLE_IDENTIFIER = "com.DaikiIijima.Simple-1-TimerUITests";
				PRODUCT_NAME = "$(TARGET_NAME)";
				SWIFT_VERSION = 5.0;
				TARGETED_DEVICE_FAMILY = "1,2";
				TEST_TARGET_NAME = Simple_1_Timer;
			};
			name = Release;
		};
/* End XCBuildConfiguration section */

/* Begin XCConfigurationList section */
		7599078623F4F8F8004408A5 /* Build configuration list for PBXProject "Simple_1_Timer" */ = {
			isa = XCConfigurationList;
			buildConfigurations = (
				759907B323F4F8FC004408A5 /* Debug */,
				759907B423F4F8FC004408A5 /* Release */,
			);
			defaultConfigurationIsVisible = 0;
			defaultConfigurationName = Release;
		};
		759907B523F4F8FC004408A5 /* Build configuration list for PBXNativeTarget "Simple_1_Timer" */ = {
			isa = XCConfigurationList;
			buildConfigurations = (
				759907B623F4F8FC004408A5 /* Debug */,
				759907B723F4F8FC004408A5 /* Release */,
			);
			defaultConfigurationIsVisible = 0;
			defaultConfigurationName = Release;
		};
		759907B823F4F8FC004408A5 /* Build configuration list for PBXNativeTarget "Simple_1_TimerTests" */ = {
			isa = XCConfigurationList;
			buildConfigurations = (
				759907B923F4F8FC004408A5 /* Debug */,
				759907BA23F4F8FC004408A5 /* Release */,
			);
			defaultConfigurationIsVisible = 0;
			defaultConfigurationName = Release;
		};
		759907BB23F4F8FC004408A5 /* Build configuration list for PBXNativeTarget "Simple_1_TimerUITests" */ = {
			isa = XCConfigurationList;
			buildConfigurations = (
				759907BC23F4F8FC004408A5 /* Debug */,
				759907BD23F4F8FC004408A5 /* Release */,
			);
			defaultConfigurationIsVisible = 0;
			defaultConfigurationName = Release;
		};
/* End XCConfigurationList section */
	};
	rootObject = 7599078323F4F8F8004408A5 /* Project object */;
}
